
Microsoft Visual Studio Solution File, Format Version 12.00
# Visual Studio Version 17
VisualStudioVersion = 17.7.34221.43
MinimumVisualStudioVersion = 10.0.40219.1
Project("{FAE04EC0-301F-11D3-BF4B-00C04F79EFBC}") = "MG.Dynamic-DotNet", "MG.Dynamic-DotNet\MG.Dynamic-DotNet.csproj", "{D0126AB3-1869-406C-BDD6-684F46D8B8C8}"
	ProjectSection(ProjectDependencies) = postProject
		{F13B53AF-4010-4E15-9B42-DE90902D669E} = {F13B53AF-4010-4E15-9B42-DE90902D669E}
	EndProjectSection
EndProject
Project("{9A19103F-16F7-4668-BE54-9A1E7A4F7556}") = "MG.Dynamic-Core", "MG.Dynamic-Core\MG.Dynamic-Core.csproj", "{F13B53AF-4010-4E15-9B42-DE90902D669E}"
EndProject
Project("{2150E333-8FDC-42A3-9474-1A3956D46DE8}") = "Scripts", "Scripts", "{510FF33F-0148-4826-A99C-30B1E991EE4F}"
	ProjectSection(SolutionItems) = preProject
		GenerateNugetPkg.ps1 = GenerateNugetPkg.ps1
		MG.NuGet.Nuspec.dll = MG.NuGet.Nuspec.dll
	EndProjectSection
EndProject
Project("{9A19103F-16F7-4668-BE54-9A1E7A4F7556}") = "MG.Dynamic-Standard", "MG.Dynamic-Standard\MG.Dynamic-Standard.csproj", "{E4A87DAF-F559-41B6-A5C9-36860AB88C3D}"
EndProject
Project("{FAE04EC0-301F-11D3-BF4B-00C04F79EFBC}") = "MG.Dynamic.Tests", "MG.Dynamic.Tests\MG.Dynamic.Tests.csproj", "{88C8CDBD-160D-4DC7-A464-53196AE5C372}"
EndProject
Project("{9A19103F-16F7-4668-BE54-9A1E7A4F7556}") = "MG.Dynamic-TestModule", "MG.Dynamic-TestModule\MG.Dynamic-TestModule.csproj", "{E72AB2AB-5336-4F2F-8D00-6AAE2875DFBC}"
EndProject
Project("{FAE04EC0-301F-11D3-BF4B-00C04F79EFBC}") = "TempDynamic", "TempDynamic\TempDynamic.csproj", "{569DEA41-2B7E-4084-A83F-4F215393F4B5}"
EndProject
Project("{FAE04EC0-301F-11D3-BF4B-00C04F79EFBC}") = "MG.Dynamic.Next", "MG.Dynamic.Next\MG.Dynamic.Next.csproj", "{0029AB0F-1194-4D1C-BE1A-F4498429996A}"
EndProject
Global
	GlobalSection(SolutionConfigurationPlatforms) = preSolution
		Debug|Any CPU = Debug|Any CPU
		Release|Any CPU = Release|Any CPU
	EndGlobalSection
	GlobalSection(ProjectConfigurationPlatforms) = postSolution
		{D0126AB3-1869-406C-BDD6-684F46D8B8C8}.Debug|Any CPU.ActiveCfg = Debug|Any CPU
		{D0126AB3-1869-406C-BDD6-684F46D8B8C8}.Debug|Any CPU.Build.0 = Debug|Any CPU
		{D0126AB3-1869-406C-BDD6-684F46D8B8C8}.Release|Any CPU.ActiveCfg = Release|Any CPU
		{D0126AB3-1869-406C-BDD6-684F46D8B8C8}.Release|Any CPU.Build.0 = Release|Any CPU
		{F13B53AF-4010-4E15-9B42-DE90902D669E}.Debug|Any CPU.ActiveCfg = Debug|Any CPU
		{F13B53AF-4010-4E15-9B42-DE90902D669E}.Debug|Any CPU.Build.0 = Debug|Any CPU
		{F13B53AF-4010-4E15-9B42-DE90902D669E}.Release|Any CPU.ActiveCfg = Release|Any CPU
		{F13B53AF-4010-4E15-9B42-DE90902D669E}.Release|Any CPU.Build.0 = Release|Any CPU
		{E4A87DAF-F559-41B6-A5C9-36860AB88C3D}.Debug|Any CPU.ActiveCfg = Debug|Any CPU
		{E4A87DAF-F559-41B6-A5C9-36860AB88C3D}.Debug|Any CPU.Build.0 = Debug|Any CPU
		{E4A87DAF-F559-41B6-A5C9-36860AB88C3D}.Release|Any CPU.ActiveCfg = Release|Any CPU
		{E4A87DAF-F559-41B6-A5C9-36860AB88C3D}.Release|Any CPU.Build.0 = Release|Any CPU
		{88C8CDBD-160D-4DC7-A464-53196AE5C372}.Debug|Any CPU.ActiveCfg = Debug|Any CPU
		{88C8CDBD-160D-4DC7-A464-53196AE5C372}.Debug|Any CPU.Build.0 = Debug|Any CPU
		{88C8CDBD-160D-4DC7-A464-53196AE5C372}.Release|Any CPU.ActiveCfg = Release|Any CPU
		{88C8CDBD-160D-4DC7-A464-53196AE5C372}.Release|Any CPU.Build.0 = Release|Any CPU
		{E72AB2AB-5336-4F2F-8D00-6AAE2875DFBC}.Debug|Any CPU.ActiveCfg = Debug|Any CPU
		{E72AB2AB-5336-4F2F-8D00-6AAE2875DFBC}.Debug|Any CPU.Build.0 = Debug|Any CPU
		{E72AB2AB-5336-4F2F-8D00-6AAE2875DFBC}.Release|Any CPU.ActiveCfg = Release|Any CPU
		{E72AB2AB-5336-4F2F-8D00-6AAE2875DFBC}.Release|Any CPU.Build.0 = Release|Any CPU
		{569DEA41-2B7E-4084-A83F-4F215393F4B5}.Debug|Any CPU.ActiveCfg = Debug|Any CPU
		{569DEA41-2B7E-4084-A83F-4F215393F4B5}.Debug|Any CPU.Build.0 = Debug|Any CPU
		{569DEA41-2B7E-4084-A83F-4F215393F4B5}.Release|Any CPU.ActiveCfg = Release|Any CPU
		{569DEA41-2B7E-4084-A83F-4F215393F4B5}.Release|Any CPU.Build.0 = Release|Any CPU
		{0029AB0F-1194-4D1C-BE1A-F4498429996A}.Debug|Any CPU.ActiveCfg = Debug|Any CPU
		{0029AB0F-1194-4D1C-BE1A-F4498429996A}.Debug|Any CPU.Build.0 = Debug|Any CPU
		{0029AB0F-1194-4D1C-BE1A-F4498429996A}.Release|Any CPU.ActiveCfg = Release|Any CPU
		{0029AB0F-1194-4D1C-BE1A-F4498429996A}.Release|Any CPU.Build.0 = Release|Any CPU
	EndGlobalSection
	GlobalSection(SolutionProperties) = preSolution
		HideSolutionNode = FALSE
	EndGlobalSection
	GlobalSection(ExtensibilityGlobals) = postSolution
		SolutionGuid = {60FA400F-5C6D-4824-BBAD-F92B391483AE}
	EndGlobalSection
EndGlobal
